{
  "requires": true,
  "lockfileVersion": 1,
  "dependencies": {
    "@algolia/cache-browser-local-storage": {
      "version": "4.0.2",
      "resolved": "https://registry.npmjs.org/@algolia/cache-browser-local-storage/-/cache-browser-local-storage-4.0.2.tgz",
      "integrity": "sha512-MCRV3UcIQ4ral5tgXU5tnJbrMy4YRmB/mwz60fHitd+KCwaFPGJdj1krrQvKoQMYdtOvf14BYHgwv2K6AGNerg==",
      "requires": {
        "@algolia/cache-common": "4.0.2"
      }
    },
    "@algolia/cache-common": {
      "version": "4.0.2",
      "resolved": "https://registry.npmjs.org/@algolia/cache-common/-/cache-common-4.0.2.tgz",
      "integrity": "sha512-J0jGGTaYR0YrGjNRAzECYrY12qxIHpb3nxfCb4BZTP9h7Xs1GL52DVjX+RCuRJwZ71IeAn2lMNnAqYqrSWfWhA=="
    },
    "@algolia/cache-in-memory": {
      "version": "4.0.2",
      "resolved": "https://registry.npmjs.org/@algolia/cache-in-memory/-/cache-in-memory-4.0.2.tgz",
      "integrity": "sha512-+zkzYjtjA+v8Si+CdAjmp1Ujqjtpkrqo1WhvJu3yVN7yhlsCyjLHPYIiL6y9KeI681e2ZCXcn5u9IvFffcxvBg==",
      "requires": {
        "@algolia/cache-common": "4.0.2"
      }
    },
    "@algolia/client-account": {
      "version": "4.0.2",
      "resolved": "https://registry.npmjs.org/@algolia/client-account/-/client-account-4.0.2.tgz",
      "integrity": "sha512-sFAt9igElirswi/U0rSuwrpWx7L0aLQ1Re/WffROoceXAQydN4kQnsJ/nZAIvENAnzZjGokK4Xx3tFOKz9l2oQ==",
      "requires": {
        "@algolia/client-common": "4.0.2",
        "@algolia/client-search": "4.0.2",
        "@algolia/transporter": "4.0.2"
      }
    },
    "@algolia/client-analytics": {
      "version": "4.0.2",
      "resolved": "https://registry.npmjs.org/@algolia/client-analytics/-/client-analytics-4.0.2.tgz",
      "integrity": "sha512-wKSau8GQbIA05paEk1PV4FxZFhnV57bPhR3fIi+6a5pNbi2GHjij4gJLgGjTwFDAwHeNPZNURX99pq5dH3+tVA==",
      "requires": {
        "@algolia/client-common": "4.0.2",
        "@algolia/client-search": "4.0.2",
        "@algolia/requester-common": "4.0.2",
        "@algolia/transporter": "4.0.2"
      }
    },
    "@algolia/client-common": {
      "version": "4.0.2",
      "resolved": "https://registry.npmjs.org/@algolia/client-common/-/client-common-4.0.2.tgz",
      "integrity": "sha512-N7YIlSC1P+lztESjXhPt5hPxf+fdCj6mhJtpYwkaGUpFZY2TjJlc09evPNTYq3f7cTBYtG9yTMLcDhcwkf9V+g==",
      "requires": {
        "@algolia/requester-common": "4.0.2",
        "@algolia/transporter": "4.0.2"
      }
    },
    "@algolia/client-recommendation": {
      "version": "4.0.2",
      "resolved": "https://registry.npmjs.org/@algolia/client-recommendation/-/client-recommendation-4.0.2.tgz",
      "integrity": "sha512-R+IEYw5PuFRmT8IFt+wHIefc7h7jRCJ33GJdcrM6ygorHa8sA+K9ljsVl/BuaZcXYLh3e1ztHpQUqokFXwsgvw==",
      "requires": {
        "@algolia/client-common": "4.0.2",
        "@algolia/requester-common": "4.0.2",
        "@algolia/transporter": "4.0.2"
      }
    },
    "@algolia/client-search": {
      "version": "4.0.2",
      "resolved": "https://registry.npmjs.org/@algolia/client-search/-/client-search-4.0.2.tgz",
      "integrity": "sha512-PsThe096a1VavTR75jjek1dMqBxlhehPsgyUM4OQXMhTbKAjIsOjS4exb53RJ3CXlifI5ux0StDNYCC47dLZ4Q==",
      "requires": {
        "@algolia/client-common": "4.0.2",
        "@algolia/requester-common": "4.0.2",
        "@algolia/transporter": "4.0.2"
      }
    },
    "@algolia/logger-common": {
      "version": "4.0.2",
      "resolved": "https://registry.npmjs.org/@algolia/logger-common/-/logger-common-4.0.2.tgz",
      "integrity": "sha512-yj3z/F1Rvk1wGB4N4FDhF86dqwJuiHcS/0Jb1cnXWfVDa/PoumaV7GU+khRlZrSeUbOP9npaMjb8ZtX7KafpaQ=="
    },
    "@algolia/logger-console": {
      "version": "4.0.2",
      "resolved": "https://registry.npmjs.org/@algolia/logger-console/-/logger-console-4.0.2.tgz",
      "integrity": "sha512-N3CnYv+9y4ySIgQQW0ZQjbmct8BlLZNISCmRmoWqPhLDS/n7x/uZry4pDpG8CbQRGzSJrMPkfBfGDcq6jdizLg==",
      "requires": {
        "@algolia/logger-common": "4.0.2"
      }
    },
    "@algolia/requester-browser-xhr": {
      "version": "4.0.2",
      "resolved": "https://registry.npmjs.org/@algolia/requester-browser-xhr/-/requester-browser-xhr-4.0.2.tgz",
      "integrity": "sha512-qfvJfSfsKBm8fYJh5bOlU64p2GwRa+rUHjWvE3vsBXlT//RA5wQHLRBynEufn4dO5Smbr9hTn394zxeFa3f3dw==",
      "requires": {
        "@algolia/requester-common": "4.0.2"
      }
    },
    "@algolia/requester-common": {
      "version": "4.0.2",
      "resolved": "https://registry.npmjs.org/@algolia/requester-common/-/requester-common-4.0.2.tgz",
      "integrity": "sha512-0r8AJfgABLQjYeO3BLjUxhmTvUw1p/xVitK3Vhgcnx3tDHPaNVcFyjrmQpKKJuztVxj2tM9DVvsGfrz07Jn8Tg=="
    },
    "@algolia/requester-node-http": {
      "version": "4.0.2",
      "resolved": "https://registry.npmjs.org/@algolia/requester-node-http/-/requester-node-http-4.0.2.tgz",
      "integrity": "sha512-ZsZJPhtRHy9x88qdV7fgB+cfooEnKks1Q9ENDnvl2S3KSWFeA2NfJvWIfSiWZuEz8RcRtKC7FYdkFOJAn4mo1g==",
      "requires": {
        "@algolia/requester-common": "4.0.2"
      }
    },
    "@algolia/transporter": {
      "version": "4.0.2",
      "resolved": "https://registry.npmjs.org/@algolia/transporter/-/transporter-4.0.2.tgz",
      "integrity": "sha512-y5kS/QbSik1u2f/fxV3K2DsP7voIaYhNyxw3xtU6BjO768jPWzBayWHSg+a11xlpsxQRRht5yCoUxo27WjY+GQ==",
      "requires": {
        "@algolia/cache-common": "4.0.2",
        "@algolia/logger-common": "4.0.2",
        "@algolia/requester-common": "4.0.2"
      }
    },
    "abbrev": {
      "version": "1.1.1",
      "resolved": "https://registry.npmjs.org/abbrev/-/abbrev-1.1.1.tgz",
      "integrity": "sha512-nne9/IiQ/hzIhY6pdDnbBtz7DjPTKrY00P/zvPSm5pOFkl6xuGrGnXn/VtTNNfNtAfZ9/1RtehkszU9qcTii0Q=="
    },
    "algoliasearch": {
      "version": "4.0.2",
      "resolved": "https://registry.npmjs.org/algoliasearch/-/algoliasearch-4.0.2.tgz",
      "integrity": "sha512-SYoXI1Bhwx2xcI0p4L/YR9M2BubXno6pCKh+2gfwWfSFFup1O8Az0b1nmx9tXtWX94CMc8TDBUWAHXkAXUAtCg==",
      "requires": {
        "@algolia/cache-browser-local-storage": "4.0.2",
        "@algolia/cache-common": "4.0.2",
        "@algolia/cache-in-memory": "4.0.2",
        "@algolia/client-account": "4.0.2",
        "@algolia/client-analytics": "4.0.2",
        "@algolia/client-common": "4.0.2",
        "@algolia/client-recommendation": "4.0.2",
        "@algolia/client-search": "4.0.2",
        "@algolia/logger-common": "4.0.2",
        "@algolia/logger-console": "4.0.2",
        "@algolia/requester-browser-xhr": "4.0.2",
        "@algolia/requester-common": "4.0.2",
        "@algolia/requester-node-http": "4.0.2",
        "@algolia/transporter": "4.0.2"
      }
    },
    "algoliasearch-helper": {
      "version": "3.1.0",
      "resolved": "https://registry.npmjs.org/algoliasearch-helper/-/algoliasearch-helper-3.1.0.tgz",
      "integrity": "sha512-d48U2GIsGJr/fVV+W7Z1Ud6GWLSblKQgA71M254YNtxvniKFsbI0Z6hQZ/8yodfGWHjJ4dETeb7ihGKQaXihUw==",
      "requires": {
        "events": "^1.1.1"
      }
    },
    "classnames": {
      "version": "2.2.6",
      "resolved": "https://registry.npmjs.org/classnames/-/classnames-2.2.6.tgz",
      "integrity": "sha512-JR/iSQOSt+LQIWwrwEzJ9uk0xfN3mTVYMwt1Ir5mUcSN6pU+V4zQFFaJsclJbPuAUQH+yfWef6tm7l1quW3C8Q=="
    },
    "events": {
      "version": "1.1.1",
      "resolved": "https://registry.npmjs.org/events/-/events-1.1.1.tgz",
      "integrity": "sha1-nr23Y1rQmccNzEwqH1AEKI6L2SQ="
    },
    "hogan.js": {
      "version": "3.0.2",
      "resolved": "https://registry.npmjs.org/hogan.js/-/hogan.js-3.0.2.tgz",
      "integrity": "sha1-TNnhq9QpQUbnZ55B14mHMrAse/0=",
      "requires": {
        "mkdirp": "0.3.0",
        "nopt": "1.0.10"
      }
    },
    "instantsearch.js": {
      "version": "4.2.0",
      "resolved": "https://registry.npmjs.org/instantsearch.js/-/instantsearch.js-4.2.0.tgz",
      "integrity": "sha512-KsfvO3Cq+ex0z0kibiFBs9AbtONMzoXRIsNrVPk0ZG/QNJfMqjUxs4o+AhvJQmZRbsCRfVl0KNJPDtGH4uLeUw==",
      "requires": {
        "algoliasearch-helper": "^3.1.0",
        "classnames": "^2.2.5",
        "events": "^1.1.0",
        "hogan.js": "^3.0.2",
        "preact": "^10.0.0",
        "prop-types": "^15.5.10",
        "qs": "^6.5.1"
      }
    },
    "js-tokens": {
      "version": "4.0.0",
      "resolved": "https://registry.npmjs.org/js-tokens/-/js-tokens-4.0.0.tgz",
      "integrity": "sha512-RdJUflcE3cUzKiMqQgsCu06FPu9UdIJO0beYbPhHN4k6apgJtifcoCtT9bcxOpYBtpD2kCM6Sbzg4CausW/PKQ=="
    },
    "loose-envify": {
      "version": "1.4.0",
      "resolved": "https://registry.npmjs.org/loose-envify/-/loose-envify-1.4.0.tgz",
      "integrity": "sha512-lyuxPGr/Wfhrlem2CL/UcnUc1zcqKAImBDzukY7Y5F/yQiNdko6+fRLevlw1HgMySw7f611UIY408EtxRSoK3Q==",
      "requires": {
        "js-tokens": "^3.0.0 || ^4.0.0"
      }
    },
    "mkdirp": {
      "version": "0.3.0",
      "resolved": "https://registry.npmjs.org/mkdirp/-/mkdirp-0.3.0.tgz",
      "integrity": "sha1-G79asbqCevI1dRQ0kEJkVfSB/h4="
    },
    "nopt": {
      "version": "1.0.10",
      "resolved": "https://registry.npmjs.org/nopt/-/nopt-1.0.10.tgz",
      "integrity": "sha1-bd0hvSoxQXuScn3Vhfim83YI6+4=",
      "requires": {
        "abbrev": "1"
      }
    },
    "object-assign": {
      "version": "4.1.1",
      "resolved": "https://registry.npmjs.org/object-assign/-/object-assign-4.1.1.tgz",
      "integrity": "sha1-IQmtx5ZYh8/AXLvUQsrIv7s2CGM="
    },
    "preact": {
      "version": "10.3.1",
      "resolved": "https://registry.npmjs.org/preact/-/preact-10.3.1.tgz",
      "integrity": "sha512-CaKtEY235GtuypRRvaMxM3PNy44OzQj8BO7plXbPwF+iJzNnUufgHtqRA6NbjeWnfy+cN1dP1MFTAGxJmCiPqQ=="
    },
    "prop-types": {
      "version": "15.7.2",
      "resolved": "https://registry.npmjs.org/prop-types/-/prop-types-15.7.2.tgz",
      "integrity": "sha512-8QQikdH7//R2vurIJSutZ1smHYTcLpRWEOlHnzcWHmBYrOGUysKwSsrC89BCiFj3CbrfJ/nXFdJepOVrY1GCHQ==",
      "requires": {
        "loose-envify": "^1.4.0",
        "object-assign": "^4.1.1",
        "react-is": "^16.8.1"
      }
    },
    "qs": {
      "version": "6.9.1",
      "resolved": "https://registry.npmjs.org/qs/-/qs-6.9.1.tgz",
      "integrity": "sha512-Cxm7/SS/y/Z3MHWSxXb8lIFqgqBowP5JMlTUFyJN88y0SGQhVmZnqFK/PeuMX9LzUyWsqqhNxIyg0jlzq946yA=="
    },
    "react-is": {
      "version": "16.12.0",
      "resolved": "https://registry.npmjs.org/react-is/-/react-is-16.12.0.tgz",
      "integrity": "sha512-rPCkf/mWBtKc97aLL9/txD8DZdemK0vkA3JMLShjlJB3Pj3s+lpf1KaBzMfQrAmhMQB0n1cU/SUGgKKBCe837Q=="
    }
  }
}
